// !$*UTF8*$!
{
	archiveVersion = 1;
	classes = {
	};
	objectVersion = 77;
	objects = {

/* Begin PBXBuildFile section */
		5C82BE512E76D8390026621B /* WidgetKit.framework in Frameworks */ = {isa = PBXBuildFile; fileRef = 5C82BE502E76D8390026621B /* WidgetKit.framework */; };
		5C82BE532E76D8390026621B /* SwiftUI.framework in Frameworks */ = {isa = PBXBuildFile; fileRef = 5C82BE522E76D8390026621B /* SwiftUI.framework */; };
		5C82BE602E76D83B0026621B /* hom_widgetExtension.appex in Embed Foundation Extensions */ = {isa = PBXBuildFile; fileRef = 5C82BE4E2E76D8390026621B /* hom_widgetExtension.appex */; settings = {ATTRIBUTES = (RemoveHeadersOnCopy, ); }; };
/* End PBXBuildFile section */

/* Begin PBXContainerItemProxy section */
		5C82BE2E2E76D7F00026621B /* PBXContainerItemProxy */ = {
			isa = PBXContainerItemProxy;
			containerPortal = 5C82BE172E76D7EE0026621B /* Project object */;
			proxyType = 1;
			remoteGlobalIDString = 5C82BE1E2E76D7EE0026621B;
			remoteInfo = testing_app;
		};
		5C82BE382E76D7F00026621B /* PBXContainerItemProxy */ = {
			isa = PBXContainerItemProxy;
			containerPortal = 5C82BE172E76D7EE0026621B /* Project object */;
			proxyType = 1;
			remoteGlobalIDString = 5C82BE1E2E76D7EE0026621B;
			remoteInfo = testing_app;
		};
		5C82BE5E2E76D83B0026621B /* PBXContainerItemProxy */ = {
			isa = PBXContainerItemProxy;
			containerPortal = 5C82BE172E76D7EE0026621B /* Project object */;
			proxyType = 1;
			remoteGlobalIDString = 5C82BE4D2E76D8390026621B;
			remoteInfo = hom_widgetExtension;
		};
/* End PBXContainerItemProxy section */

/* Begin PBXCopyFilesBuildPhase section */
		5C82BE652E76D83B0026621B /* Embed Foundation Extensions */ = {
			isa = PBXCopyFilesBuildPhase;
			buildActionMask = 2147483647;
			dstPath = "";
			dstSubfolderSpec = 13;
			files = (
				5C82BE602E76D83B0026621B /* hom_widgetExtension.appex in Embed Foundation Extensions */,
			);
			name = "Embed Foundation Extensions";
			runOnlyForDeploymentPostprocessing = 0;
		};
/* End PBXCopyFilesBuildPhase section */

/* Begin PBXFileReference section */
		5C82BE1F2E76D7EE0026621B /* testing_app.app */ = {isa = PBXFileReference; explicitFileType = wrapper.application; includeInIndex = 0; path = testing_app.app; sourceTree = BUILT_PRODUCTS_DIR; };
		5C82BE2D2E76D7F00026621B /* testing_appTests.xctest */ = {isa = PBXFileReference; explicitFileType = wrapper.cfbundle; includeInIndex = 0; path = testing_appTests.xctest; sourceTree = BUILT_PRODUCTS_DIR; };
		5C82BE372E76D7F00026621B /* testing_appUITests.xctest */ = {isa = PBXFileReference; explicitFileType = wrapper.cfbundle; includeInIndex = 0; path = testing_appUITests.xctest; sourceTree = BUILT_PRODUCTS_DIR; };
		5C82BE4E2E76D8390026621B /* hom_widgetExtension.appex */ = {isa = PBXFileReference; explicitFileType = "wrapper.app-extension"; includeInIndex = 0; path = hom_widgetExtension.appex; sourceTree = BUILT_PRODUCTS_DIR; };
		5C82BE502E76D8390026621B /* WidgetKit.framework */ = {isa = PBXFileReference; lastKnownFileType = wrapper.framework; name = WidgetKit.framework; path = System/Library/Frameworks/WidgetKit.framework; sourceTree = SDKROOT; };
		5C82BE522E76D8390026621B /* SwiftUI.framework */ = {isa = PBXFileReference; lastKnownFileType = wrapper.framework; name = SwiftUI.framework; path = System/Library/Frameworks/SwiftUI.framework; sourceTree = SDKROOT; };
		5C82BE662E76D9940026621B /* hom_widgetExtension.entitlements */ = {isa = PBXFileReference; lastKnownFileType = text.plist.entitlements; path = hom_widgetExtension.entitlements; sourceTree = "<group>"; };
/* End PBXFileReference section */

/* Begin PBXFileSystemSynchronizedBuildFileExceptionSet section */
		5C82BE612E76D83B0026621B /* Exceptions for "hom_widget" folder in "hom_widgetExtension" target */ = {
			isa = PBXFileSystemSynchronizedBuildFileExceptionSet;
			membershipExceptions = (
				Info.plist,
			);
			target = 5C82BE4D2E76D8390026621B /* hom_widgetExtension */;
		};
/* End PBXFileSystemSynchronizedBuildFileExceptionSet section */

/* Begin PBXFileSystemSynchronizedRootGroup section */
		5C82BE212E76D7EE0026621B /* testing_app */ = {
			isa = PBXFileSystemSynchronizedRootGroup;
			path = testing_app;
			sourceTree = "<group>";
		};
		5C82BE302E76D7F00026621B /* testing_appTests */ = {
			isa = PBXFileSystemSynchronizedRootGroup;
			path = testing_appTests;
			sourceTree = "<group>";
		};
		5C82BE3A2E76D7F00026621B /* testing_appUITests */ = {
			isa = PBXFileSystemSynchronizedRootGroup;
			path = testing_appUITests;
			sourceTree = "<group>";
		};
		5C82BE542E76D8390026621B /* hom_widget */ = {
			isa = PBXFileSystemSynchronizedRootGroup;
			exceptions = (
				5C82BE612E76D83B0026621B /* Exceptions for "hom_widget" folder in "hom_widgetExtension" target */,
			);
			path = hom_widget;
			sourceTree = "<group>";
		};
/* End PBXFileSystemSynchronizedRootGroup section */

/* Begin PBXFrameworksBuildPhase section */
		5C82BE1C2E76D7EE0026621B /* Frameworks */ = {
			isa = PBXFrameworksBuildPhase;
			buildActionMask = 2147483647;
			files = (
			);
			runOnlyForDeploymentPostprocessing = 0;
		};
		5C82BE2A2E76D7F00026621B /* Frameworks */ = {
			isa = PBXFrameworksBuildPhase;
			buildActionMask = 2147483647;
			files = (
			);
			runOnlyForDeploymentPostprocessing = 0;
		};
		5C82BE342E76D7F00026621B /* Frameworks */ = {
			isa = PBXFrameworksBuildPhase;
			buildActionMask = 2147483647;
			files = (
			);
			runOnlyForDeploymentPostprocessing = 0;
		};
		5C82BE4B2E76D8390026621B /* Frameworks */ = {
			isa = PBXFrameworksBuildPhase;
			buildActionMask = 2147483647;
			files = (
				5C82BE532E76D8390026621B /* SwiftUI.framework in Frameworks */,
				5C82BE512E76D8390026621B /* WidgetKit.framework in Frameworks */,
			);
			runOnlyForDeploymentPostprocessing = 0;
		};
/* End PBXFrameworksBuildPhase section */

/* Begin PBXGroup section */
		5C82BE162E76D7EE0026621B = {
			isa = PBXGroup;
			children = (
				5C82BE662E76D9940026621B /* hom_widgetExtension.entitlements */,
				5C82BE212E76D7EE0026621B /* testing_app */,
				5C82BE302E76D7F00026621B /* testing_appTests */,
				5C82BE3A2E76D7F00026621B /* testing_appUITests */,
				5C82BE542E76D8390026621B /* hom_widget */,
				5C82BE4F2E76D8390026621B /* Frameworks */,
				5C82BE202E76D7EE0026621B /* Products */,
			);
			sourceTree = "<group>";
		};
		5C82BE202E76D7EE0026621B /* Products */ = {
			isa = PBXGroup;
			children = (
				5C82BE1F2E76D7EE0026621B /* testing_app.app */,
				5C82BE2D2E76D7F00026621B /* testing_appTests.xctest */,
				5C82BE372E76D7F00026621B /* testing_appUITests.xctest */,
				5C82BE4E2E76D8390026621B /* hom_widgetExtension.appex */,
			);
			name = Products;
			sourceTree = "<group>";
		};
		5C82BE4F2E76D8390026621B /* Frameworks */ = {
			isa = PBXGroup;
			children = (
				5C82BE502E76D8390026621B /* WidgetKit.framework */,
				5C82BE522E76D8390026621B /* SwiftUI.framework */,
			);
			name = Frameworks;
			sourceTree = "<group>";
		};
/* End PBXGroup section */

/* Begin PBXNativeTarget section */
		5C82BE1E2E76D7EE0026621B /* testing_app */ = {
			isa = PBXNativeTarget;
			buildConfigurationList = 5C82BE412E76D7F00026621B /* Build configuration list for PBXNativeTarget "testing_app" */;
			buildPhases = (
				5C82BE1B2E76D7EE0026621B /* Sources */,
				5C82BE1C2E76D7EE0026621B /* Frameworks */,
				5C82BE1D2E76D7EE0026621B /* Resources */,
				5C82BE652E76D83B0026621B /* Embed Foundation Extensions */,
			);
			buildRules = (
			);
			dependencies = (
				5C82BE5F2E76D83B0026621B /* PBXTargetDependency */,
			);
			fileSystemSynchronizedGroups = (
				5C82BE212E76D7EE0026621B /* testing_app */,
			);
			name = testing_app;
			packageProductDependencies = (
			);
			productName = testing_app;
			productReference = 5C82BE1F2E76D7EE0026621B /* testing_app.app */;
			productType = "com.apple.product-type.application";
		};
		5C82BE2C2E76D7F00026621B /* testing_appTests */ = {
			isa = PBXNativeTarget;
			buildConfigurationList = 5C82BE442E76D7F00026621B /* Build configuration list for PBXNativeTarget "testing_appTests" */;
			buildPhases = (
				5C82BE292E76D7F00026621B /* Sources */,
				5C82BE2A2E76D7F00026621B /* Frameworks */,
				5C82BE2B2E76D7F00026621B /* Resources */,
			);
			buildRules = (
			);
			dependencies = (
				5C82BE2F2E76D7F00026621B /* PBXTargetDependency */,
			);
			fileSystemSynchronizedGroups = (
				5C82BE302E76D7F00026621B /* testing_appTests */,
			);
			name = testing_appTests;
			packageProductDependencies = (
			);
			productName = testing_appTests;
			productReference = 5C82BE2D2E76D7F00026621B /* testing_appTests.xctest */;
			productType = "com.apple.product-type.bundle.unit-test";
		};
		5C82BE362E76D7F00026621B /* testing_appUITests */ = {
			isa = PBXNativeTarget;
			buildConfigurationList = 5C82BE472E76D7F00026621B /* Build configuration list for PBXNativeTarget "testing_appUITests" */;
			buildPhases = (
				5C82BE332E76D7F00026621B /* Sources */,
				5C82BE342E76D7F00026621B /* Frameworks */,
				5C82BE352E76D7F00026621B /* Resources */,
			);
			buildRules = (
			);
			dependencies = (
				5C82BE392E76D7F00026621B /* PBXTargetDependency */,
			);
			fileSystemSynchronizedGroups = (
				5C82BE3A2E76D7F00026621B /* testing_appUITests */,
			);
			name = testing_appUITests;
			packageProductDependencies = (
			);
			productName = testing_appUITests;
			productReference = 5C82BE372E76D7F00026621B /* testing_appUITests.xctest */;
			productType = "com.apple.product-type.bundle.ui-testing";
		};
		5C82BE4D2E76D8390026621B /* hom_widgetExtension */ = {
			isa = PBXNativeTarget;
			buildConfigurationList = 5C82BE622E76D83B0026621B /* Build configuration list for PBXNativeTarget "hom_widgetExtension" */;
			buildPhases = (
				5C82BE4A2E76D8390026621B /* Sources */,
				5C82BE4B2E76D8390026621B /* Frameworks */,
				5C82BE4C2E76D8390026621B /* Resources */,
			);
			buildRules = (
			);
			dependencies = (
			);
			fileSystemSynchronizedGroups = (
				5C82BE542E76D8390026621B /* hom_widget */,
			);
			name = hom_widgetExtension;
			packageProductDependencies = (
			);
			productName = hom_widgetExtension;
			productReference = 5C82BE4E2E76D8390026621B /* hom_widgetExtension.appex */;
			productType = "com.apple.product-type.app-extension";
		};
/* End PBXNativeTarget section */

/* Begin PBXProject section */
		5C82BE172E76D7EE0026621B /* Project object */ = {
			isa = PBXProject;
			attributes = {
				BuildIndependentTargetsInParallel = 1;
				LastSwiftUpdateCheck = 1640;
				LastUpgradeCheck = 1640;
				TargetAttributes = {
					5C82BE1E2E76D7EE0026621B = {
						CreatedOnToolsVersion = 16.4;
					};
					5C82BE2C2E76D7F00026621B = {
						CreatedOnToolsVersion = 16.4;
						TestTargetID = 5C82BE1E2E76D7EE0026621B;
					};
					5C82BE362E76D7F00026621B = {
						CreatedOnToolsVersion = 16.4;
						TestTargetID = 5C82BE1E2E76D7EE0026621B;
					};
					5C82BE4D2E76D8390026621B = {
						CreatedOnToolsVersion = 16.4;
					};
				};
			};
			buildConfigurationList = 5C82BE1A2E76D7EE0026621B /* Build configuration list for PBXProject "testing_app" */;
			developmentRegion = en;
			hasScannedForEncodings = 0;
			knownRegions = (
				en,
				Base,
			);
			mainGroup = 5C82BE162E76D7EE0026621B;
			minimizedProjectReferenceProxies = 1;
			preferredProjectObjectVersion = 77;
			productRefGroup = 5C82BE202E76D7EE0026621B /* Products */;
			projectDirPath = "";
			projectRoot = "";
			targets = (
				5C82BE1E2E76D7EE0026621B /* testing_app */,
				5C82BE2C2E76D7F00026621B /* testing_appTests */,
				5C82BE362E76D7F00026621B /* testing_appUITests */,
				5C82BE4D2E76D8390026621B /* hom_widgetExtension */,
			);
		};
/* End PBXProject section */

/* Begin PBXResourcesBuildPhase section */
		5C82BE1D2E76D7EE0026621B /* Resources */ = {
			isa = PBXResourcesBuildPhase;
			buildActionMask = 2147483647;
			files = (
			);
			runOnlyForDeploymentPostprocessing = 0;
		};
		5C82BE2B2E76D7F00026621B /* Resources */ = {
			isa = PBXResourcesBuildPhase;
			buildActionMask = 2147483647;
			files = (
			);
			runOnlyForDeploymentPostprocessing = 0;
		};
		5C82BE352E76D7F00026621B /* Resources */ = {
			isa = PBXResourcesBuildPhase;
			buildActionMask = 2147483647;
			files = (
			);
			runOnlyForDeploymentPostprocessing = 0;
		};
		5C82BE4C2E76D8390026621B /* Resources */ = {
			isa = PBXResourcesBuildPhase;
			buildActionMask = 2147483647;
			files = (
			);
			runOnlyForDeploymentPostprocessing = 0;
		};
/* End PBXResourcesBuildPhase section */

/* Begin PBXSourcesBuildPhase section */
		5C82BE1B2E76D7EE0026621B /* Sources */ = {
			isa = PBXSourcesBuildPhase;
			buildActionMask = 2147483647;
			files = (
			);
			runOnlyForDeploymentPostprocessing = 0;
		};
		5C82BE292E76D7F00026621B /* Sources */ = {
			isa = PBXSourcesBuildPhase;
			buildActionMask = 2147483647;
			files = (
			);
			runOnlyForDeploymentPostprocessing = 0;
		};
		5C82BE332E76D7F00026621B /* Sources */ = {
			isa = PBXSourcesBuildPhase;
			buildActionMask = 2147483647;
			files = (
			);
			runOnlyForDeploymentPostprocessing = 0;
		};
		5C82BE4A2E76D8390026621B /* Sources */ = {
			isa = PBXSourcesBuildPhase;
			buildActionMask = 2147483647;
			files = (
			);
			runOnlyForDeploymentPostprocessing = 0;
		};
/* End PBXSourcesBuildPhase section */

/* Begin PBXTargetDependency section */
		5C82BE2F2E76D7F00026621B /* PBXTargetDependency */ = {
			isa = PBXTargetDependency;
			target = 5C82BE1E2E76D7EE0026621B /* testing_app */;
			targetProxy = 5C82BE2E2E76D7F00026621B /* PBXContainerItemProxy */;
		};
		5C82BE392E76D7F00026621B /* PBXTargetDependency */ = {
			isa = PBXTargetDependency;
			target = 5C82BE1E2E76D7EE0026621B /* testing_app */;
			targetProxy = 5C82BE382E76D7F00026621B /* PBXContainerItemProxy */;
		};
		5C82BE5F2E76D83B0026621B /* PBXTargetDependency */ = {
			isa = PBXTargetDependency;
			target = 5C82BE4D2E76D8390026621B /* hom_widgetExtension */;
			targetProxy = 5C82BE5E2E76D83B0026621B /* PBXContainerItemProxy */;
		};
/* End PBXTargetDependency section */

/* Begin XCBuildConfiguration section */
		5C82BE3F2E76D7F00026621B /* Debug */ = {
			isa = XCBuildConfiguration;
			buildSettings = {
				ALWAYS_SEARCH_USER_PATHS = NO;
				ASSETCATALOG_COMPILER_GENERATE_SWIFT_ASSET_SYMBOL_EXTENSIONS = YES;
				CLANG_ANALYZER_NONNULL = YES;
				CLANG_ANALYZER_NUMBER_OBJECT_CONVERSION = YES_AGGRESSIVE;
				CLANG_CXX_LANGUAGE_STANDARD = "gnu++20";
				CLANG_ENABLE_MODULES = YES;
				CLANG_ENABLE_OBJC_ARC = YES;
				CLANG_ENABLE_OBJC_WEAK = YES;
				CLANG_WARN_BLOCK_CAPTURE_AUTORELEASING = YES;
				CLANG_WARN_BOOL_CONVERSION = YES;
				CLANG_WARN_COMMA = YES;
				CLANG_WARN_CONSTANT_CONVERSION = YES;
				CLANG_WARN_DEPRECATED_OBJC_IMPLEMENTATIONS = YES;
				CLANG_WARN_DIRECT_OBJC_ISA_USAGE = YES_ERROR;
				CLANG_WARN_DOCUMENTATION_COMMENTS = YES;
				CLANG_WARN_EMPTY_BODY = YES;
				CLANG_WARN_ENUM_CONVERSION = YES;
				CLANG_WARN_INFINITE_RECURSION = YES;
				CLANG_WARN_INT_CONVERSION = YES;
				CLANG_WARN_NON_LITERAL_NULL_CONVERSION = YES;
				CLANG_WARN_OBJC_IMPLICIT_RETAIN_SELF = YES;
				CLANG_WARN_OBJC_LITERAL_CONVERSION = YES;
				CLANG_WARN_OBJC_ROOT_CLASS = YES_ERROR;
				CLANG_WARN_QUOTED_INCLUDE_IN_FRAMEWORK_HEADER = YES;
				CLANG_WARN_RANGE_LOOP_ANALYSIS = YES;
				CLANG_WARN_STRICT_PROTOTYPES = YES;
				CLANG_WARN_SUSPICIOUS_MOVE = YES;
				CLANG_WARN_UNGUARDED_AVAILABILITY = YES_AGGRESSIVE;
				CLANG_WARN_UNREACHABLE_CODE = YES;
				CLANG_WARN__DUPLICATE_METHOD_MATCH = YES;
				COPY_PHASE_STRIP = NO;
				DEBUG_INFORMATION_FORMAT = dwarf;
				DEVELOPMENT_TEAM = S5B2GKJJ69;
				ENABLE_STRICT_OBJC_MSGSEND = YES;
				ENABLE_TESTABILITY = YES;
				ENABLE_USER_SCRIPT_SANDBOXING = YES;
				GCC_C_LANGUAGE_STANDARD = gnu17;
				GCC_DYNAMIC_NO_PIC = NO;
				GCC_NO_COMMON_BLOCKS = YES;
				GCC_OPTIMIZATION_LEVEL = 0;
				GCC_PREPROCESSOR_DEFINITIONS = (
					"DEBUG=1",
					"$(inherited)",
				);
				GCC_WARN_64_TO_32_BIT_CONVERSION = YES;
				GCC_WARN_ABOUT_RETURN_TYPE = YES_ERROR;
				GCC_WARN_UNDECLARED_SELECTOR = YES;
				GCC_WARN_UNINITIALIZED_AUTOS = YES_AGGRESSIVE;
				GCC_WARN_UNUSED_FUNCTION = YES;
				GCC_WARN_UNUSED_VARIABLE = YES;
				LOCALIZATION_PREFERS_STRING_CATALOGS = YES;
				MTL_ENABLE_DEBUG_INFO = INCLUDE_SOURCE;
				MTL_FAST_MATH = YES;
				ONLY_ACTIVE_ARCH = YES;
				SWIFT_ACTIVE_COMPILATION_CONDITIONS = "DEBUG $(inherited)";
				SWIFT_OPTIMIZATION_LEVEL = "-Onone";
			};
			name = Debug;
		};
		5C82BE402E76D7F00026621B /* Release */ = {
			isa = XCBuildConfiguration;
			buildSettings = {
				ALWAYS_SEARCH_USER_PATHS = NO;
				ASSETCATALOG_COMPILER_GENERATE_SWIFT_ASSET_SYMBOL_EXTENSIONS = YES;
				CLANG_ANALYZER_NONNULL = YES;
				CLANG_ANALYZER_NUMBER_OBJECT_CONVERSION = YES_AGGRESSIVE;
				CLANG_CXX_LANGUAGE_STANDARD = "gnu++20";
				CLANG_ENABLE_MODULES = YES;
				CLANG_ENABLE_OBJC_ARC = YES;
				CLANG_ENABLE_OBJC_WEAK = YES;
				CLANG_WARN_BLOCK_CAPTURE_AUTORELEASING = YES;
				CLANG_WARN_BOOL_CONVERSION = YES;
				CLANG_WARN_COMMA = YES;
				CLANG_WARN_CONSTANT_CONVERSION = YES;
				CLANG_WARN_DEPRECATED_OBJC_IMPLEMENTATIONS = YES;
				CLANG_WARN_DIRECT_OBJC_ISA_USAGE = YES_ERROR;
				CLANG_WARN_DOCUMENTATION_COMMENTS = YES;
				CLANG_WARN_EMPTY_BODY = YES;
				CLANG_WARN_ENUM_CONVERSION = YES;
				CLANG_WARN_INFINITE_RECURSION = YES;
				CLANG_WARN_INT_CONVERSION = YES;
				CLANG_WARN_NON_LITERAL_NULL_CONVERSION = YES;
				CLANG_WARN_OBJC_IMPLICIT_RETAIN_SELF = YES;
				CLANG_WARN_OBJC_LITERAL_CONVERSION = YES;
				CLANG_WARN_OBJC_ROOT_CLASS = YES_ERROR;
				CLANG_WARN_QUOTED_INCLUDE_IN_FRAMEWORK_HEADER = YES;
				CLANG_WARN_RANGE_LOOP_ANALYSIS = YES;
				CLANG_WARN_STRICT_PROTOTYPES = YES;
				CLANG_WARN_SUSPICIOUS_MOVE = YES;
				CLANG_WARN_UNGUARDED_AVAILABILITY = YES_AGGRESSIVE;
				CLANG_WARN_UNREACHABLE_CODE = YES;
				CLANG_WARN__DUPLICATE_METHOD_MATCH = YES;
				COPY_PHASE_STRIP = NO;
				DEBUG_INFORMATION_FORMAT = "dwarf-with-dsym";
				DEVELOPMENT_TEAM = S5B2GKJJ69;
				ENABLE_NS_ASSERTIONS = NO;
				ENABLE_STRICT_OBJC_MSGSEND = YES;
				ENABLE_USER_SCRIPT_SANDBOXING = YES;
				GCC_C_LANGUAGE_STANDARD = gnu17;
				GCC_NO_COMMON_BLOCKS = YES;
				GCC_WARN_64_TO_32_BIT_CONVERSION = YES;
				GCC_WARN_ABOUT_RETURN_TYPE = YES_ERROR;
				GCC_WARN_UNDECLARED_SELECTOR = YES;
				GCC_WARN_UNINITIALIZED_AUTOS = YES_AGGRESSIVE;
				GCC_WARN_UNUSED_FUNCTION = YES;
				GCC_WARN_UNUSED_VARIABLE = YES;
				LOCALIZATION_PREFERS_STRING_CATALOGS = YES;
				MTL_ENABLE_DEBUG_INFO = NO;
				MTL_FAST_MATH = YES;
				SWIFT_COMPILATION_MODE = wholemodule;
			};
			name = Release;
		};
		5C82BE422E76D7F00026621B /* Debug */ = {
			isa = XCBuildConfiguration;
			buildSettings = {
				ASSETCATALOG_COMPILER_APPICON_NAME = AppIcon;
				ASSETCATALOG_COMPILER_GLOBAL_ACCENT_COLOR_NAME = AccentColor;
				CODE_SIGN_ENTITLEMENTS = testing_app/testing_app.entitlements;
				CODE_SIGN_STYLE = Automatic;
				CURRENT_PROJECT_VERSION = 1;
				DEVELOPMENT_TEAM = S5B2GKJJ69;
				ENABLE_HARDENED_RUNTIME = YES;
				ENABLE_PREVIEWS = YES;
				GENERATE_INFOPLIST_FILE = YES;
				INFOPLIST_FILE = "testing-app-Info.plist";
				"INFOPLIST_KEY_UIApplicationSceneManifest_Generation[sdk=iphoneos*]" = YES;
				"INFOPLIST_KEY_UIApplicationSceneManifest_Generation[sdk=iphonesimulator*]" = YES;
				"INFOPLIST_KEY_UIApplicationSupportsIndirectInputEvents[sdk=iphoneos*]" = YES;
				"INFOPLIST_KEY_UIApplicationSupportsIndirectInputEvents[sdk=iphonesimulator*]" = YES;
				"INFOPLIST_KEY_UILaunchScreen_Generation[sdk=iphoneos*]" = YES;
				"INFOPLIST_KEY_UILaunchScreen_Generation[sdk=iphonesimulator*]" = YES;
				"INFOPLIST_KEY_UIStatusBarStyle[sdk=iphoneos*]" = UIStatusBarStyleDefault;
				"INFOPLIST_KEY_UIStatusBarStyle[sdk=iphonesimulator*]" = UIStatusBarStyleDefault;
				INFOPLIST_KEY_UISupportedInterfaceOrientations_iPad = "UIInterfaceOrientationPortrait UIInterfaceOrientationPortraitUpsideDown UIInterfaceOrientationLandscapeLeft UIInterfaceOrientationLandscapeRight";
				INFOPLIST_KEY_UISupportedInterfaceOrientations_iPhone = "UIInterfaceOrientationPortrait UIInterfaceOrientationLandscapeLeft UIInterfaceOrientationLandscapeRight";
				IPHONEOS_DEPLOYMENT_TARGET = 18.5;
				LD_RUNPATH_SEARCH_PATHS = "@executable_path/Frameworks";
				"LD_RUNPATH_SEARCH_PATHS[sdk=macosx*]" = "@executable_path/../Frameworks";
				MACOSX_DEPLOYMENT_TARGET = 15.5;
				MARKETING_VERSION = 1.0;
				PRODUCT_BUNDLE_IDENTIFIER = "com.zayala.testingWidget.testing-app";
				PRODUCT_NAME = "$(TARGET_NAME)";
				REGISTER_APP_GROUPS = YES;
				SDKROOT = auto;
				SUPPORTED_PLATFORMS = "iphoneos iphonesimulator macosx xros xrsimulator";
				SWIFT_EMIT_LOC_STRINGS = YES;
				SWIFT_VERSION = 5.0;
				TARGETED_DEVICE_FAMILY = "1,2,7";
				XROS_DEPLOYMENT_TARGET = 2.5;
			};
			name = Debug;
		};
		5C82BE432E76D7F00026621B /* Release */ = {
			isa = XCBuildConfiguration;
			buildSettings = {
				ASSETCATALOG_COMPILER_APPICON_NAME = AppIcon;
				ASSETCATALOG_COMPILER_GLOBAL_ACCENT_COLOR_NAME = AccentColor;
				CODE_SIGN_ENTITLEMENTS = testing_app/testing_app.entitlements;
				CODE_SIGN_STYLE = Automatic;
				CURRENT_PROJECT_VERSION = 1;
				DEVELOPMENT_TEAM = S5B2GKJJ69;
				ENABLE_HARDENED_RUNTIME = YES;
				ENABLE_PREVIEWS = YES;
				GENERATE_INFOPLIST_FILE = YES;
				INFOPLIST_FILE = "testing-app-Info.plist";
				"INFOPLIST_KEY_UIApplicationSceneManifest_Generation[sdk=iphoneos*]" = YES;
				"INFOPLIST_KEY_UIApplicationSceneManifest_Generation[sdk=iphonesimulator*]" = YES;
				"INFOPLIST_KEY_UIApplicationSupportsIndirectInputEvents[sdk=iphoneos*]" = YES;
				"INFOPLIST_KEY_UIApplicationSupportsIndirectInputEvents[sdk=iphonesimulator*]" = YES;
				"INFOPLIST_KEY_UILaunchScreen_Generation[sdk=iphoneos*]" = YES;
				"INFOPLIST_KEY_UILaunchScreen_Generation[sdk=iphonesimulator*]" = YES;
				"INFOPLIST_KEY_UIStatusBarStyle[sdk=iphoneos*]" = UIStatusBarStyleDefault;
				"INFOPLIST_KEY_UIStatusBarStyle[sdk=iphonesimulator*]" = UIStatusBarStyleDefault;
				INFOPLIST_KEY_UISupportedInterfaceOrientations_iPad = "UIInterfaceOrientationPortrait UIInterfaceOrientationPortraitUpsideDown UIInterfaceOrientationLandscapeLeft UIInterfaceOrientationLandscapeRight";
				INFOPLIST_KEY_UISupportedInterfaceOrientations_iPhone = "UIInterfaceOrientationPortrait UIInterfaceOrientationLandscapeLeft UIInterfaceOrientationLandscapeRight";
				IPHONEOS_DEPLOYMENT_TARGET = 18.5;
				LD_RUNPATH_SEARCH_PATHS = "@executable_path/Frameworks";
				"LD_RUNPATH_SEARCH_PATHS[sdk=macosx*]" = "@executable_path/../Frameworks";
				MACOSX_DEPLOYMENT_TARGET = 15.5;
				MARKETING_VERSION = 1.0;
				PRODUCT_BUNDLE_IDENTIFIER = "com.zayala.testingWidget.testing-app";
				PRODUCT_NAME = "$(TARGET_NAME)";
				REGISTER_APP_GROUPS = YES;
				SDKROOT = auto;
				SUPPORTED_PLATFORMS = "iphoneos iphonesimulator macosx xros xrsimulator";
				SWIFT_EMIT_LOC_STRINGS = YES;
				SWIFT_VERSION = 5.0;
				TARGETED_DEVICE_FAMILY = "1,2,7";
				XROS_DEPLOYMENT_TARGET = 2.5;
			};
			name = Release;
		};
		5C82BE452E76D7F00026621B /* Debug */ = {
			isa = XCBuildConfiguration;
			buildSettings = {
				BUNDLE_LOADER = "$(TEST_HOST)";
				CODE_SIGN_STYLE = Automatic;
				CURRENT_PROJECT_VERSION = 1;
				DEVELOPMENT_TEAM = S5B2GKJJ69;
				GENERATE_INFOPLIST_FILE = YES;
				IPHONEOS_DEPLOYMENT_TARGET = 18.5;
				MACOSX_DEPLOYMENT_TARGET = 15.5;
				MARKETING_VERSION = 1.0;
				PRODUCT_BUNDLE_IDENTIFIER = "com.zayala.testingWidget.testing-appTests";
				PRODUCT_NAME = "$(TARGET_NAME)";
				SDKROOT = auto;
				SUPPORTED_PLATFORMS = "iphoneos iphonesimulator macosx xros xrsimulator";
				SWIFT_EMIT_LOC_STRINGS = NO;
				SWIFT_VERSION = 5.0;
				TARGETED_DEVICE_FAMILY = "1,2,7";
				TEST_HOST = "$(BUILT_PRODUCTS_DIR)/testing_app.app/$(BUNDLE_EXECUTABLE_FOLDER_PATH)/testing_app";
				XROS_DEPLOYMENT_TARGET = 2.5;
			};
			name = Debug;
		};
		5C82BE462E76D7F00026621B /* Release */ = {
			isa = XCBuildConfiguration;
			buildSettings = {
				BUNDLE_LOADER = "$(TEST_HOST)";
				CODE_SIGN_STYLE = Automatic;
				CURRENT_PROJECT_VERSION = 1;
				DEVELOPMENT_TEAM = S5B2GKJJ69;
				GENERATE_INFOPLIST_FILE = YES;
				IPHONEOS_DEPLOYMENT_TARGET = 18.5;
				MACOSX_DEPLOYMENT_TARGET = 15.5;
				MARKETING_VERSION = 1.0;
				PRODUCT_BUNDLE_IDENTIFIER = "com.zayala.testingWidget.testing-appTests";
				PRODUCT_NAME = "$(TARGET_NAME)";
				SDKROOT = auto;
				SUPPORTED_PLATFORMS = "iphoneos iphonesimulator macosx xros xrsimulator";
				SWIFT_EMIT_LOC_STRINGS = NO;
				SWIFT_VERSION = 5.0;
				TARGETED_DEVICE_FAMILY = "1,2,7";
				TEST_HOST = "$(BUILT_PRODUCTS_DIR)/testing_app.app/$(BUNDLE_EXECUTABLE_FOLDER_PATH)/testing_app";
				XROS_DEPLOYMENT_TARGET = 2.5;
			};
			name = Release;
		};
		5C82BE482E76D7F00026621B /* Debug */ = {
			isa = XCBuildConfiguration;
			buildSettings = {
				CODE_SIGN_STYLE = Automatic;
				CURRENT_PROJECT_VERSION = 1;
				DEVELOPMENT_TEAM = S5B2GKJJ69;
				GENERATE_INFOPLIST_FILE = YES;
				IPHONEOS_DEPLOYMENT_TARGET = 18.5;
				MACOSX_DEPLOYMENT_TARGET = 15.5;
				MARKETING_VERSION = 1.0;
				PRODUCT_BUNDLE_IDENTIFIER = "com.zayala.testingWidget.testing-appUITests";
				PRODUCT_NAME = "$(TARGET_NAME)";
				SDKROOT = auto;
				SUPPORTED_PLATFORMS = "iphoneos iphonesimulator macosx xros xrsimulator";
				SWIFT_EMIT_LOC_STRINGS = NO;
				SWIFT_VERSION = 5.0;
				TARGETED_DEVICE_FAMILY = "1,2,7";
				TEST_TARGET_NAME = testing_app;
				XROS_DEPLOYMENT_TARGET = 2.5;
			};
			name = Debug;
		};
		5C82BE492E76D7F00026621B /* Release */ = {
			isa = XCBuildConfiguration;
			buildSettings = {
				CODE_SIGN_STYLE = Automatic;
				CURRENT_PROJECT_VERSION = 1;
				DEVELOPMENT_TEAM = S5B2GKJJ69;
				GENERATE_INFOPLIST_FILE = YES;
				IPHONEOS_DEPLOYMENT_TARGET = 18.5;
				MACOSX_DEPLOYMENT_TARGET = 15.5;
				MARKETING_VERSION = 1.0;
				PRODUCT_BUNDLE_IDENTIFIER = "com.zayala.testingWidget.testing-appUITests";
				PRODUCT_NAME = "$(TARGET_NAME)";
				SDKROOT = auto;
				SUPPORTED_PLATFORMS = "iphoneos iphonesimulator macosx xros xrsimulator";
				SWIFT_EMIT_LOC_STRINGS = NO;
				SWIFT_VERSION = 5.0;
				TARGETED_DEVICE_FAMILY = "1,2,7";
				TEST_TARGET_NAME = testing_app;
				XROS_DEPLOYMENT_TARGET = 2.5;
			};
			name = Release;
		};
		5C82BE632E76D83B0026621B /* Debug */ = {
			isa = XCBuildConfiguration;
			buildSettings = {
				ASSETCATALOG_COMPILER_GLOBAL_ACCENT_COLOR_NAME = AccentColor;
				ASSETCATALOG_COMPILER_WIDGET_BACKGROUND_COLOR_NAME = WidgetBackground;
				CODE_SIGN_ENTITLEMENTS = hom_widgetExtension.entitlements;
				CODE_SIGN_STYLE = Automatic;
				CURRENT_PROJECT_VERSION = 1;
				DEVELOPMENT_TEAM = S5B2GKJJ69;
				GENERATE_INFOPLIST_FILE = YES;
				INFOPLIST_FILE = hom_widget/Info.plist;
				INFOPLIST_KEY_CFBundleDisplayName = hom_widget;
				INFOPLIST_KEY_NSHumanReadableCopyright = "";
				IPHONEOS_DEPLOYMENT_TARGET = 18.5;
				LD_RUNPATH_SEARCH_PATHS = (
					"$(inherited)",
					"@executable_path/Frameworks",
					"@executable_path/../../Frameworks",
				);
				MARKETING_VERSION = 1.0;
				PRODUCT_BUNDLE_IDENTIFIER = "com.zayala.testingWidget.testing-app.hom-widget";
				PRODUCT_NAME = "$(TARGET_NAME)";
				SDKROOT = iphoneos;
				SKIP_INSTALL = YES;
				SWIFT_EMIT_LOC_STRINGS = YES;
				SWIFT_VERSION = 5.0;
				TARGETED_DEVICE_FAMILY = "1,2";
			};
			name = Debug;
		};
		5C82BE642E76D83B0026621B /* Release */ = {
			isa = XCBuildConfiguration;
			buildSettings = {
				ASSETCATALOG_COMPILER_GLOBAL_ACCENT_COLOR_NAME = AccentColor;
				ASSETCATALOG_COMPILER_WIDGET_BACKGROUND_COLOR_NAME = WidgetBackground;
				CODE_SIGN_ENTITLEMENTS = hom_widgetExtension.entitlements;
				CODE_SIGN_STYLE = Automatic;
				CURRENT_PROJECT_VERSION = 1;
				DEVELOPMENT_TEAM = S5B2GKJJ69;
				GENERATE_INFOPLIST_FILE = YES;
				INFOPLIST_FILE = hom_widget/Info.plist;
				INFOPLIST_KEY_CFBundleDisplayName = hom_widget;
				INFOPLIST_KEY_NSHumanReadableCopyright = "";
				IPHONEOS_DEPLOYMENT_TARGET = 18.5;
				LD_RUNPATH_SEARCH_PATHS = (
					"$(inherited)",
					"@executable_path/Frameworks",
					"@executable_path/../../Frameworks",
				);
				MARKETING_VERSION = 1.0;
				PRODUCT_BUNDLE_IDENTIFIER = "com.zayala.testingWidget.testing-app.hom-widget";
				PRODUCT_NAME = "$(TARGET_NAME)";
				SDKROOT = iphoneos;
				SKIP_INSTALL = YES;
				SWIFT_EMIT_LOC_STRINGS = YES;
				SWIFT_VERSION = 5.0;
				TARGETED_DEVICE_FAMILY = "1,2";
				VALIDATE_PRODUCT = YES;
			};
			name = Release;
		};
/* End XCBuildConfiguration section */

/* Begin XCConfigurationList section */
		5C82BE1A2E76D7EE0026621B /* Build configuration list for PBXProject "testing_app" */ = {
			isa = XCConfigurationList;
			buildConfigurations = (
				5C82BE3F2E76D7F00026621B /* Debug */,
				5C82BE402E76D7F00026621B /* Release */,
			);
			defaultConfigurationIsVisible = 0;
			defaultConfigurationName = Release;
		};
		5C82BE412E76D7F00026621B /* Build configuration list for PBXNativeTarget "testing_app" */ = {
			isa = XCConfigurationList;
			buildConfigurations = (
				5C82BE422E76D7F00026621B /* Debug */,
				5C82BE432E76D7F00026621B /* Release */,
			);
			defaultConfigurationIsVisible = 0;
			defaultConfigurationName = Release;
		};
		5C82BE442E76D7F00026621B /* Build configuration list for PBXNativeTarget "testing_appTests" */ = {
			isa = XCConfigurationList;
			buildConfigurations = (
				5C82BE452E76D7F00026621B /* Debug */,
				5C82BE462E76D7F00026621B /* Release */,
			);
			defaultConfigurationIsVisible = 0;
			defaultConfigurationName = Release;
		};
		5C82BE472E76D7F00026621B /* Build configuration list for PBXNativeTarget "testing_appUITests" */ = {
			isa = XCConfigurationList;
			buildConfigurations = (
				5C82BE482E76D7F00026621B /* Debug */,
				5C82BE492E76D7F00026621B /* Release */,
			);
			defaultConfigurationIsVisible = 0;
			defaultConfigurationName = Release;
		};
		5C82BE622E76D83B0026621B /* Build configuration list for PBXNativeTarget "hom_widgetExtension" */ = {
			isa = XCConfigurationList;
			buildConfigurations = (
				5C82BE632E76D83B0026621B /* Debug */,
				5C82BE642E76D83B0026621B /* Release */,
			);
			defaultConfigurationIsVisible = 0;
			defaultConfigurationName = Release;
		};
/* End XCConfigurationList section */
	};
	rootObject = 5C82BE172E76D7EE0026621B /* Project object */;
}
